# This file is @generated by PDM.
# It is not intended for manual editing.

[metadata]
groups = ["default", "dev"]
strategy = ["cross_platform"]
lock_version = "4.5.0"
content_hash = "sha256:5d8f5be9b145b9af948296c85420ff792e6a50235ef4283035023218f39ed7a4"

[[metadata.targets]]
requires_python = ">=3.12"

[[package]]
name = "annotated-types"
version = "0.7.0"
summary = ""
files = [
    {file = "annotated_types-0.7.0-py3-none-any.whl", hash = "sha256:1f02e8b43a8fbbc3f3e0d4f0f4bfc8131bcb4eebe8849b8e5c773f3a1c582a53"},
    {file = "annotated_types-0.7.0.tar.gz", hash = "sha256:aff07c09a53a08bc8cfccb9c85b05f1aa9a2a6f23728d790723543408344ce89"},
]

[[package]]
name = "cffi"
version = "1.16.0"
summary = ""
dependencies = [
    "pycparser",
]
files = [
    {file = "cffi-1.16.0-cp312-cp312-manylinux_2_12_i686.manylinux2010_i686.manylinux_2_17_i686.manylinux2014_i686.whl", hash = "sha256:abd808f9c129ba2beda4cfc53bde801e5bcf9d6e0f22f095e45327c038bfe68e"},
    {file = "cffi-1.16.0-cp312-cp312-manylinux_2_17_aarch64.manylinux2014_aarch64.whl", hash = "sha256:88e2b3c14bdb32e440be531ade29d3c50a1a59cd4e51b1dd8b0865c54ea5d2e2"},
    {file = "cffi-1.16.0-cp312-cp312-manylinux_2_17_ppc64le.manylinux2014_ppc64le.whl", hash = "sha256:fcc8eb6d5902bb1cf6dc4f187ee3ea80a1eba0a89aba40a5cb20a5087d961357"},
    {file = "cffi-1.16.0-cp312-cp312-manylinux_2_17_s390x.manylinux2014_s390x.whl", hash = "sha256:b7be2d771cdba2942e13215c4e340bfd76398e9227ad10402a8767ab1865d2e6"},
    {file = "cffi-1.16.0-cp312-cp312-manylinux_2_17_x86_64.manylinux2014_x86_64.whl", hash = "sha256:e715596e683d2ce000574bae5d07bd522c781a822866c20495e52520564f0969"},
    {file = "cffi-1.16.0-cp312-cp312-musllinux_1_1_x86_64.whl", hash = "sha256:2d92b25dbf6cae33f65005baf472d2c245c050b1ce709cc4588cdcdd5495b520"},
    {file = "cffi-1.16.0.tar.gz", hash = "sha256:bcb3ef43e58665bbda2fb198698fcae6776483e0c4a631aa5647806c25e02cc0"},
]

[[package]]
name = "cryptography"
version = "42.0.7"
summary = ""
dependencies = [
    "cffi; platform_python_implementation != \"PyPy\"",
]
files = [
    {file = "cryptography-42.0.7-cp37-abi3-manylinux_2_17_aarch64.manylinux2014_aarch64.whl", hash = "sha256:a79165431551042cc9d1d90e6145d5d0d3ab0f2d66326c201d9b0e7f5bf43604"},
    {file = "cryptography-42.0.7-cp37-abi3-manylinux_2_17_x86_64.manylinux2014_x86_64.whl", hash = "sha256:a47787a5e3649008a1102d3df55424e86606c9bae6fb77ac59afe06d234605f8"},
    {file = "cryptography-42.0.7-cp37-abi3-manylinux_2_28_aarch64.whl", hash = "sha256:02c0eee2d7133bdbbc5e24441258d5d2244beb31da5ed19fbb80315f4bbbff55"},
    {file = "cryptography-42.0.7-cp37-abi3-manylinux_2_28_x86_64.whl", hash = "sha256:5e44507bf8d14b36b8389b226665d597bc0f18ea035d75b4e53c7b1ea84583cc"},
    {file = "cryptography-42.0.7-cp37-abi3-musllinux_1_1_aarch64.whl", hash = "sha256:7f8b25fa616d8b846aef64b15c606bb0828dbc35faf90566eb139aa9cff67af2"},
    {file = "cryptography-42.0.7-cp37-abi3-musllinux_1_1_x86_64.whl", hash = "sha256:93a3209f6bb2b33e725ed08ee0991b92976dfdcf4e8b38646540674fc7508e13"},
    {file = "cryptography-42.0.7-cp37-abi3-musllinux_1_2_aarch64.whl", hash = "sha256:e6b8f1881dac458c34778d0a424ae5769de30544fc678eac51c1c8bb2183e9da"},
    {file = "cryptography-42.0.7-cp37-abi3-musllinux_1_2_x86_64.whl", hash = "sha256:3de9a45d3b2b7d8088c3fbf1ed4395dfeff79d07842217b38df14ef09ce1d8d7"},
    {file = "cryptography-42.0.7-cp39-abi3-manylinux_2_17_aarch64.manylinux2014_aarch64.whl", hash = "sha256:779245e13b9a6638df14641d029add5dc17edbef6ec915688f3acb9e720a5858"},
    {file = "cryptography-42.0.7-cp39-abi3-manylinux_2_17_x86_64.manylinux2014_x86_64.whl", hash = "sha256:0d563795db98b4cd57742a78a288cdbdc9daedac29f2239793071fe114f13785"},
    {file = "cryptography-42.0.7-cp39-abi3-manylinux_2_28_aarch64.whl", hash = "sha256:31adb7d06fe4383226c3e963471f6837742889b3c4caa55aac20ad951bc8ffda"},
    {file = "cryptography-42.0.7-cp39-abi3-manylinux_2_28_x86_64.whl", hash = "sha256:efd0bf5205240182e0f13bcaea41be4fdf5c22c5129fc7ced4a0282ac86998c9"},
    {file = "cryptography-42.0.7-cp39-abi3-musllinux_1_1_aarch64.whl", hash = "sha256:a9bc127cdc4ecf87a5ea22a2556cab6c7eda2923f84e4f3cc588e8470ce4e42e"},
    {file = "cryptography-42.0.7-cp39-abi3-musllinux_1_1_x86_64.whl", hash = "sha256:3577d029bc3f4827dd5bf8bf7710cac13527b470bbf1820a3f394adb38ed7d5f"},
    {file = "cryptography-42.0.7-cp39-abi3-musllinux_1_2_aarch64.whl", hash = "sha256:2e47577f9b18723fa294b0ea9a17d5e53a227867a0a4904a1a076d1646d45ca1"},
    {file = "cryptography-42.0.7-cp39-abi3-musllinux_1_2_x86_64.whl", hash = "sha256:1a58839984d9cb34c855197043eaae2c187d930ca6d644612843b4fe8513c886"},
    {file = "cryptography-42.0.7.tar.gz", hash = "sha256:ecbfbc00bf55888edda9868a4cf927205de8499e7fabe6c050322298382953f2"},
]

[[package]]
name = "jaraco-classes"
version = "3.4.0"
summary = ""
dependencies = [
    "more-itertools",
]
files = [
    {file = "jaraco.classes-3.4.0-py3-none-any.whl", hash = "sha256:f662826b6bed8cace05e7ff873ce0f9283b5c924470fe664fff1c2f00f581790"},
    {file = "jaraco.classes-3.4.0.tar.gz", hash = "sha256:47a024b51d0239c0dd8c8540c6c7f484be3b8fcf0b2d85c13825780d3b3f3acd"},
]

[[package]]
name = "jaraco-context"
version = "5.3.0"
summary = ""
files = [
    {file = "jaraco.context-5.3.0-py3-none-any.whl", hash = "sha256:3e16388f7da43d384a1a7cd3452e72e14732ac9fe459678773a3608a812bf266"},
    {file = "jaraco.context-5.3.0.tar.gz", hash = "sha256:c2f67165ce1f9be20f32f650f25d8edfc1646a8aeee48ae06fb35f90763576d2"},
]

[[package]]
name = "jaraco-functools"
version = "4.0.1"
summary = ""
dependencies = [
    "more-itertools",
]
files = [
    {file = "jaraco.functools-4.0.1-py3-none-any.whl", hash = "sha256:3b24ccb921d6b593bdceb56ce14799204f473976e2a9d4b15b04d0f2c2326664"},
    {file = "jaraco_functools-4.0.1.tar.gz", hash = "sha256:d33fa765374c0611b52f8b3a795f8900869aa88c84769d4d1746cd68fb28c3e8"},
]

[[package]]
name = "jeepney"
version = "0.8.0"
summary = ""
files = [
    {file = "jeepney-0.8.0-py3-none-any.whl", hash = "sha256:c0a454ad016ca575060802ee4d590dd912e35c122fa04e70306de3d076cce755"},
    {file = "jeepney-0.8.0.tar.gz", hash = "sha256:5efe48d255973902f6badc3ce55e2aa6c5c3b3bc642059ef3a91247bcfcc5806"},
]

[[package]]
name = "keyring"
version = "25.5.0"
summary = ""
dependencies = [
    "jaraco-classes",
    "jaraco-context",
    "jaraco-functools",
    "jeepney; sys_platform == \"linux\"",
    "pywin32-ctypes; sys_platform == \"win32\"",
    "secretstorage; sys_platform == \"linux\"",
]
files = [
    {file = "keyring-25.5.0-py3-none-any.whl", hash = "sha256:e67f8ac32b04be4714b42fe84ce7dad9c40985b9ca827c592cc303e7c26d9741"},
    {file = "keyring-25.5.0.tar.gz", hash = "sha256:4c753b3ec91717fe713c4edd522d625889d8973a349b0e582622f49766de58e6"},
]

[[package]]
name = "keyring-proxy"
version = "0.2.14.32"
summary = ""
dependencies = [
    "keyring",
    "pydantic",
]
files = [
    {file = "keyring_proxy-0.2.14.32-py3-none-any.whl", hash = "sha256:0b14bd473b6fb261e433d4bff5712c1bd0a64af904c7ccc898548e69c75425f7"},
    {file = "keyring_proxy-0.2.14.32.tar.gz", hash = "sha256:1e3b6a5dab13bbb12893a3564a4ee575c6ccfc97e84f9001c748153e9b9c6be4"},
]

[[package]]
name = "more-itertools"
version = "10.2.0"
summary = ""
files = [
    {file = "more-itertools-10.2.0.tar.gz", hash = "sha256:8fccb480c43d3e99a00087634c06dd02b0d50fbf088b380de5a41a015ec239e1"},
    {file = "more_itertools-10.2.0-py3-none-any.whl", hash = "sha256:686b06abe565edfab151cb8fd385a05651e1fdf8f0a14191e4439283421f8684"},
]

[[package]]
name = "pycparser"
version = "2.22"
summary = ""
files = [
    {file = "pycparser-2.22-py3-none-any.whl", hash = "sha256:c3702b6d3dd8c7abc1afa565d7e63d53a1d0bd86cdc24edd75470f4de499cfcc"},
    {file = "pycparser-2.22.tar.gz", hash = "sha256:491c8be9c040f5390f5bf44a5b07752bd07f56edf992381b05c701439eec10f6"},
]

[[package]]
name = "pydantic"
version = "2.9.2"
summary = ""
dependencies = [
    "annotated-types",
    "pydantic-core",
    "typing-extensions",
]
files = [
    {file = "pydantic-2.9.2-py3-none-any.whl", hash = "sha256:f048cec7b26778210e28a0459867920654d48e5e62db0958433636cde4254f12"},
    {file = "pydantic-2.9.2.tar.gz", hash = "sha256:d155cef71265d1e9807ed1c32b4c8deec042a44a50a4188b25ac67ecd81a9c0f"},
]

[[package]]
name = "pydantic-core"
version = "2.23.4"
summary = ""
dependencies = [
    "typing-extensions",
]
files = [
    {file = "pydantic_core-2.23.4-cp312-cp312-macosx_10_12_x86_64.whl", hash = "sha256:f3e0da4ebaef65158d4dfd7d3678aad692f7666877df0002b8a522cdf088f231"},
    {file = "pydantic_core-2.23.4-cp312-cp312-macosx_11_0_arm64.whl", hash = "sha256:f69a8e0b033b747bb3e36a44e7732f0c99f7edd5cea723d45bc0d6e95377ffee"},
    {file = "pydantic_core-2.23.4-cp312-cp312-manylinux_2_17_aarch64.manylinux2014_aarch64.whl", hash = "sha256:723314c1d51722ab28bfcd5240d858512ffd3116449c557a1336cbe3919beb87"},
    {file = "pydantic_core-2.23.4-cp312-cp312-manylinux_2_17_armv7l.manylinux2014_armv7l.whl", hash = "sha256:bb2802e667b7051a1bebbfe93684841cc9351004e2badbd6411bf357ab8d5ac8"},
    {file = "pydantic_core-2.23.4-cp312-cp312-manylinux_2_17_ppc64le.manylinux2014_ppc64le.whl", hash = "sha256:d18ca8148bebe1b0a382a27a8ee60350091a6ddaf475fa05ef50dc35b5df6327"},
    {file = "pydantic_core-2.23.4-cp312-cp312-manylinux_2_17_s390x.manylinux2014_s390x.whl", hash = "sha256:33e3d65a85a2a4a0dc3b092b938a4062b1a05f3a9abde65ea93b233bca0e03f2"},
    {file = "pydantic_core-2.23.4-cp312-cp312-manylinux_2_17_x86_64.manylinux2014_x86_64.whl", hash = "sha256:128585782e5bfa515c590ccee4b727fb76925dd04a98864182b22e89a4e6ed36"},
    {file = "pydantic_core-2.23.4-cp312-cp312-manylinux_2_5_i686.manylinux1_i686.whl", hash = "sha256:68665f4c17edcceecc112dfed5dbe6f92261fb9d6054b47d01bf6371a6196126"},
    {file = "pydantic_core-2.23.4-cp312-cp312-musllinux_1_1_aarch64.whl", hash = "sha256:20152074317d9bed6b7a95ade3b7d6054845d70584216160860425f4fbd5ee9e"},
    {file = "pydantic_core-2.23.4-cp312-cp312-musllinux_1_1_x86_64.whl", hash = "sha256:9261d3ce84fa1d38ed649c3638feefeae23d32ba9182963e465d58d62203bd24"},
    {file = "pydantic_core-2.23.4-cp312-none-win32.whl", hash = "sha256:4ba762ed58e8d68657fc1281e9bb72e1c3e79cc5d464be146e260c541ec12d84"},
    {file = "pydantic_core-2.23.4-cp312-none-win_amd64.whl", hash = "sha256:97df63000f4fea395b2824da80e169731088656d1818a11b95f3b173747b6cd9"},
    {file = "pydantic_core-2.23.4-cp313-cp313-macosx_10_12_x86_64.whl", hash = "sha256:7530e201d10d7d14abce4fb54cfe5b94a0aefc87da539d0346a484ead376c3cc"},
    {file = "pydantic_core-2.23.4-cp313-cp313-macosx_11_0_arm64.whl", hash = "sha256:df933278128ea1cd77772673c73954e53a1c95a4fdf41eef97c2b779271bd0bd"},
    {file = "pydantic_core-2.23.4-cp313-cp313-manylinux_2_17_aarch64.manylinux2014_aarch64.whl", hash = "sha256:0cb3da3fd1b6a5d0279a01877713dbda118a2a4fc6f0d821a57da2e464793f05"},
    {file = "pydantic_core-2.23.4-cp313-cp313-manylinux_2_17_armv7l.manylinux2014_armv7l.whl", hash = "sha256:42c6dcb030aefb668a2b7009c85b27f90e51e6a3b4d5c9bc4c57631292015b0d"},
    {file = "pydantic_core-2.23.4-cp313-cp313-manylinux_2_17_ppc64le.manylinux2014_ppc64le.whl", hash = "sha256:696dd8d674d6ce621ab9d45b205df149399e4bb9aa34102c970b721554828510"},
    {file = "pydantic_core-2.23.4-cp313-cp313-manylinux_2_17_s390x.manylinux2014_s390x.whl", hash = "sha256:2971bb5ffe72cc0f555c13e19b23c85b654dd2a8f7ab493c262071377bfce9f6"},
    {file = "pydantic_core-2.23.4-cp313-cp313-manylinux_2_17_x86_64.manylinux2014_x86_64.whl", hash = "sha256:8394d940e5d400d04cad4f75c0598665cbb81aecefaca82ca85bd28264af7f9b"},
    {file = "pydantic_core-2.23.4-cp313-cp313-manylinux_2_5_i686.manylinux1_i686.whl", hash = "sha256:0dff76e0602ca7d4cdaacc1ac4c005e0ce0dcfe095d5b5259163a80d3a10d327"},
    {file = "pydantic_core-2.23.4-cp313-cp313-musllinux_1_1_aarch64.whl", hash = "sha256:7d32706badfe136888bdea71c0def994644e09fff0bfe47441deaed8e96fdbc6"},
    {file = "pydantic_core-2.23.4-cp313-cp313-musllinux_1_1_x86_64.whl", hash = "sha256:ed541d70698978a20eb63d8c5d72f2cc6d7079d9d90f6b50bad07826f1320f5f"},
    {file = "pydantic_core-2.23.4-cp313-none-win32.whl", hash = "sha256:3d5639516376dce1940ea36edf408c554475369f5da2abd45d44621cb616f769"},
    {file = "pydantic_core-2.23.4-cp313-none-win_amd64.whl", hash = "sha256:5a1504ad17ba4210df3a045132a7baeeba5a200e930f57512ee02909fc5c4cb5"},
    {file = "pydantic_core-2.23.4.tar.gz", hash = "sha256:2584f7cf844ac4d970fba483a717dbe10c1c1c96a969bf65d61ffe94df1b2863"},
]

[[package]]
name = "pywin32-ctypes"
version = "0.2.2"
summary = ""
files = [
    {file = "pywin32-ctypes-0.2.2.tar.gz", hash = "sha256:3426e063bdd5fd4df74a14fa3cf80a0b42845a87e1d1e81f6549f9daec593a60"},
    {file = "pywin32_ctypes-0.2.2-py3-none-any.whl", hash = "sha256:bf490a1a709baf35d688fe0ecf980ed4de11d2b3e37b51e5442587a75d9957e7"},
]

[[package]]
name = "secretstorage"
version = "3.3.3"
summary = ""
dependencies = [
    "cryptography",
    "jeepney",
]
files = [
    {file = "SecretStorage-3.3.3-py3-none-any.whl", hash = "sha256:f356e6628222568e3af06f2eba8df495efa13b3b63081dafd4f7d9a7b7bc9f99"},
    {file = "SecretStorage-3.3.3.tar.gz", hash = "sha256:2403533ef369eca6d2ba81718576c5e0f564d5cca1b58f73a8b23e7d4eeebd77"},
]

[[package]]
name = "typing-extensions"
version = "4.12.2"
summary = ""
files = [
    {file = "typing_extensions-4.12.2-py3-none-any.whl", hash = "sha256:04e5ca0351e0f3f85c6853954072df659d0d13fac324d0072316b67d7794700d"},
    {file = "typing_extensions-4.12.2.tar.gz", hash = "sha256:1a7ead55c7e559dd4dee8856e3a88b41225abfe1ce8df57b7c13915fe121ffb8"},
]
